{
  "name": "ways",
  "version": "0.5.0",
  "lockfileVersion": 1,
  "requires": true,
  "dependencies": {
    "ways-addressbar": {
      "version": "git+https://github.com/giuliandrimba/ways-addressbar.git#8216ca4781756cd0622ee6313fcf5079ff7ee3b7",
      "from": "git+https://github.com/giuliandrimba/ways-addressbar.git#hotfix/first-popstate-change",
      "requires": {
        "happens": "0.6.x"
      },
      "dependencies": {
        "happens": {
          "version": "0.6.0",
          "resolved": "https://registry.npmjs.org/happens/-/happens-0.6.0.tgz",
          "integrity": "sha1-q+Vuz5qvGyZ1e2rIlMB0eRXPc4I="
        }
      }
    }
  }
}
